Microsoft Visual Studio Solution File, Format Version 12.00
# Visual Studio Version 17
VisualStudioVersion = 17.5.2.0
MinimumVisualStudioVersion = 10.0.40219.1
Project("{FAE04EC0-301F-11D3-BF4B-00C04F79EFBC}") = "InhPolymorphism", "InhPolymorphism.csproj", "{3BC5BDEB-584E-6DD1-589C-1F966B9288A5}"
EndProject
Global
	GlobalSection(SolutionConfigurationPlatforms) = preSolution
		Debug|Any CPU = Debug|Any CPU
		Release|Any CPU = Release|Any CPU
	EndGlobalSection
	GlobalSection(ProjectConfigurationPlatforms) = postSolution
		{3BC5BDEB-584E-6DD1-589C-1F966B9288A5}.Debug|Any CPU.ActiveCfg = Debug|Any CPU
		{3BC5BDEB-584E-6DD1-589C-1F966B9288A5}.Debug|Any CPU.Build.0 = Debug|Any CPU
		{3BC5BDEB-584E-6DD1-589C-1F966B9288A5}.Release|Any CPU.ActiveCfg = Release|Any CPU
		{3BC5BDEB-584E-6DD1-589C-1F966B9288A5}.Release|Any CPU.Build.0 = Release|Any CPU
	EndGlobalSection
	GlobalSection(SolutionProperties) = preSolution
		HideSolutionNode = FALSE
	EndGlobalSection
	GlobalSection(ExtensibilityGlobals) = postSolution
		SolutionGuid = {F6A6EF54-E14F-4ECF-8B52-35640FD2A81E}
	EndGlobalSection
EndGlobal
