Microsoft Visual Studio Solution File, Format Version 12.00
# Visual Studio Version 17
VisualStudioVersion = 17.5.2.0
MinimumVisualStudioVersion = 10.0.40219.1
Project("{FAE04EC0-301F-11D3-BF4B-00C04F79EFBC}") = "LibraryManagmentSystem", "LibraryManagmentSystem.csproj", "{621A92BD-D97E-6A90-E205-B8F8BC1F1743}"
EndProject
Global
	GlobalSection(SolutionConfigurationPlatforms) = preSolution
		Debug|Any CPU = Debug|Any CPU
		Release|Any CPU = Release|Any CPU
	EndGlobalSection
	GlobalSection(ProjectConfigurationPlatforms) = postSolution
		{621A92BD-D97E-6A90-E205-B8F8BC1F1743}.Debug|Any CPU.ActiveCfg = Debug|Any CPU
		{621A92BD-D97E-6A90-E205-B8F8BC1F1743}.Debug|Any CPU.Build.0 = Debug|Any CPU
		{621A92BD-D97E-6A90-E205-B8F8BC1F1743}.Release|Any CPU.ActiveCfg = Release|Any CPU
		{621A92BD-D97E-6A90-E205-B8F8BC1F1743}.Release|Any CPU.Build.0 = Release|Any CPU
	EndGlobalSection
	GlobalSection(SolutionProperties) = preSolution
		HideSolutionNode = FALSE
	EndGlobalSection
	GlobalSection(ExtensibilityGlobals) = postSolution
		SolutionGuid = {64DF0DE6-3196-4C65-BEC1-B2BF308E4F05}
	EndGlobalSection
EndGlobal
